// !$*UTF8*$!
{
	archiveVersion = 1;
	classes = {
	};
	objectVersion = 56;
	objects = {

/* Begin PBXBuildFile section */
		0A2D749C2C87496500E81312 /* iDogApp.swift in Sources */ = {isa = PBXBuildFile; fileRef = 0A2D749B2C87496500E81312 /* iDogApp.swift */; };
		0A2D74A02C87496700E81312 /* Assets.xcassets in Resources */ = {isa = PBXBuildFile; fileRef = 0A2D749F2C87496700E81312 /* Assets.xcassets */; };
		0A2D74A32C87496700E81312 /* Preview Assets.xcassets in Resources */ = {isa = PBXBuildFile; fileRef = 0A2D74A22C87496700E81312 /* Preview Assets.xcassets */; };
		0A2D74AD2C87496700E81312 /* iDogTests.swift in Sources */ = {isa = PBXBuildFile; fileRef = 0A2D74AC2C87496700E81312 /* iDogTests.swift */; };
		0A2D74B72C87496700E81312 /* iDogUITests.swift in Sources */ = {isa = PBXBuildFile; fileRef = 0A2D74B62C87496700E81312 /* iDogUITests.swift */; };
		0A2D74B92C87496700E81312 /* iDogUITestsLaunchTests.swift in Sources */ = {isa = PBXBuildFile; fileRef = 0A2D74B82C87496700E81312 /* iDogUITestsLaunchTests.swift */; };
		0A2D74CE2C874D2E00E81312 /* CoordinatorProtocol.swift in Sources */ = {isa = PBXBuildFile; fileRef = 0A2D74CD2C874D2E00E81312 /* CoordinatorProtocol.swift */; };
		0A2D74D02C874D6900E81312 /* AppCoordinator.swift in Sources */ = {isa = PBXBuildFile; fileRef = 0A2D74CF2C874D6900E81312 /* AppCoordinator.swift */; };
/* End PBXBuildFile section */

/* Begin PBXContainerItemProxy section */
		0A2D74A92C87496700E81312 /* PBXContainerItemProxy */ = {
			isa = PBXContainerItemProxy;
			containerPortal = 0A2D74902C87496500E81312 /* Project object */;
			proxyType = 1;
			remoteGlobalIDString = 0A2D74972C87496500E81312;
			remoteInfo = iDog;
		};
		0A2D74B32C87496700E81312 /* PBXContainerItemProxy */ = {
			isa = PBXContainerItemProxy;
			containerPortal = 0A2D74902C87496500E81312 /* Project object */;
			proxyType = 1;
			remoteGlobalIDString = 0A2D74972C87496500E81312;
			remoteInfo = iDog;
		};
/* End PBXContainerItemProxy section */

/* Begin PBXFileReference section */
		0A2D74982C87496500E81312 /* iDog.app */ = {isa = PBXFileReference; explicitFileType = wrapper.application; includeInIndex = 0; path = iDog.app; sourceTree = BUILT_PRODUCTS_DIR; };
		0A2D749B2C87496500E81312 /* iDogApp.swift */ = {isa = PBXFileReference; lastKnownFileType = sourcecode.swift; path = iDogApp.swift; sourceTree = "<group>"; };
		0A2D749F2C87496700E81312 /* Assets.xcassets */ = {isa = PBXFileReference; lastKnownFileType = folder.assetcatalog; path = Assets.xcassets; sourceTree = "<group>"; };
		0A2D74A22C87496700E81312 /* Preview Assets.xcassets */ = {isa = PBXFileReference; lastKnownFileType = folder.assetcatalog; path = "Preview Assets.xcassets"; sourceTree = "<group>"; };
		0A2D74A82C87496700E81312 /* iDogTests.xctest */ = {isa = PBXFileReference; explicitFileType = wrapper.cfbundle; includeInIndex = 0; path = iDogTests.xctest; sourceTree = BUILT_PRODUCTS_DIR; };
		0A2D74AC2C87496700E81312 /* iDogTests.swift */ = {isa = PBXFileReference; lastKnownFileType = sourcecode.swift; path = iDogTests.swift; sourceTree = "<group>"; };
		0A2D74B22C87496700E81312 /* iDogUITests.xctest */ = {isa = PBXFileReference; explicitFileType = wrapper.cfbundle; includeInIndex = 0; path = iDogUITests.xctest; sourceTree = BUILT_PRODUCTS_DIR; };
		0A2D74B62C87496700E81312 /* iDogUITests.swift */ = {isa = PBXFileReference; lastKnownFileType = sourcecode.swift; path = iDogUITests.swift; sourceTree = "<group>"; };
		0A2D74B82C87496700E81312 /* iDogUITestsLaunchTests.swift */ = {isa = PBXFileReference; lastKnownFileType = sourcecode.swift; path = iDogUITestsLaunchTests.swift; sourceTree = "<group>"; };
		0A2D74CD2C874D2E00E81312 /* CoordinatorProtocol.swift */ = {isa = PBXFileReference; lastKnownFileType = sourcecode.swift; path = CoordinatorProtocol.swift; sourceTree = "<group>"; };
		0A2D74CF2C874D6900E81312 /* AppCoordinator.swift */ = {isa = PBXFileReference; lastKnownFileType = sourcecode.swift; path = AppCoordinator.swift; sourceTree = "<group>"; };
/* End PBXFileReference section */

/* Begin PBXFrameworksBuildPhase section */
		0A2D74952C87496500E81312 /* Frameworks */ = {
			isa = PBXFrameworksBuildPhase;
			buildActionMask = 2147483647;
			files = (
			);
			runOnlyForDeploymentPostprocessing = 0;
		};
		0A2D74A52C87496700E81312 /* Frameworks */ = {
			isa = PBXFrameworksBuildPhase;
			buildActionMask = 2147483647;
			files = (
			);
			runOnlyForDeploymentPostprocessing = 0;
		};
		0A2D74AF2C87496700E81312 /* Frameworks */ = {
			isa = PBXFrameworksBuildPhase;
			buildActionMask = 2147483647;
			files = (
			);
			runOnlyForDeploymentPostprocessing = 0;
		};
/* End PBXFrameworksBuildPhase section */

/* Begin PBXGroup section */
		0A2D748F2C87496500E81312 = {
			isa = PBXGroup;
			children = (
				0A2D749A2C87496500E81312 /* iDog */,
				0A2D74AB2C87496700E81312 /* iDogTests */,
				0A2D74B52C87496700E81312 /* iDogUITests */,
				0A2D74992C87496500E81312 /* Products */,
			);
			sourceTree = "<group>";
		};
		0A2D74992C87496500E81312 /* Products */ = {
			isa = PBXGroup;
			children = (
				0A2D74982C87496500E81312 /* iDog.app */,
				0A2D74A82C87496700E81312 /* iDogTests.xctest */,
				0A2D74B22C87496700E81312 /* iDogUITests.xctest */,
			);
			name = Products;
			sourceTree = "<group>";
		};
		0A2D749A2C87496500E81312 /* iDog */ = {
			isa = PBXGroup;
			children = (
				0A2D74C52C8749A100E81312 /* App */,
				0A2D74CA2C874B9A00E81312 /* Coordinators */,
				0A2D74C62C874B5700E81312 /* Data */,
				0A2D74A12C87496700E81312 /* Preview Content */,
				0A2D74CC2C874CC900E81312 /* Ressources */,
				0A2D74C92C874B9300E81312 /* Services */,
				0A2D74CB2C874CA000E81312 /* Views */,
			);
			path = iDog;
			sourceTree = "<group>";
		};
		0A2D74A12C87496700E81312 /* Preview Content */ = {
			isa = PBXGroup;
			children = (
				0A2D74A22C87496700E81312 /* Preview Assets.xcassets */,
			);
			path = "Preview Content";
			sourceTree = "<group>";
		};
		0A2D74AB2C87496700E81312 /* iDogTests */ = {
			isa = PBXGroup;
			children = (
				0A2D74AC2C87496700E81312 /* iDogTests.swift */,
			);
			path = iDogTests;
			sourceTree = "<group>";
		};
		0A2D74B52C87496700E81312 /* iDogUITests */ = {
			isa = PBXGroup;
			children = (
				0A2D74B62C87496700E81312 /* iDogUITests.swift */,
				0A2D74B82C87496700E81312 /* iDogUITestsLaunchTests.swift */,
			);
			path = iDogUITests;
			sourceTree = "<group>";
		};
		0A2D74C52C8749A100E81312 /* App */ = {
			isa = PBXGroup;
			children = (
				0A2D749B2C87496500E81312 /* iDogApp.swift */,
			);
			path = App;
			sourceTree = "<group>";
		};
		0A2D74C62C874B5700E81312 /* Data */ = {
			isa = PBXGroup;
			children = (
				0A2D74C82C874B7400E81312 /* ViewModels */,
				0A2D74C72C874B5F00E81312 /* DomainModels */,
			);
			path = Data;
			sourceTree = "<group>";
		};
		0A2D74C72C874B5F00E81312 /* DomainModels */ = {
			isa = PBXGroup;
			children = (
			);
			path = DomainModels;
			sourceTree = "<group>";
		};
		0A2D74C82C874B7400E81312 /* ViewModels */ = {
			isa = PBXGroup;
			children = (
			);
			path = ViewModels;
			sourceTree = "<group>";
		};
		0A2D74C92C874B9300E81312 /* Services */ = {
			isa = PBXGroup;
			children = (
			);
			path = Services;
			sourceTree = "<group>";
		};
		0A2D74CA2C874B9A00E81312 /* Coordinators */ = {
			isa = PBXGroup;
			children = (
				0A2D74CD2C874D2E00E81312 /* CoordinatorProtocol.swift */,
				0A2D74CF2C874D6900E81312 /* AppCoordinator.swift */,
			);
			path = Coordinators;
			sourceTree = "<group>";
		};
		0A2D74CB2C874CA000E81312 /* Views */ = {
			isa = PBXGroup;
			children = (
			);
			path = Views;
			sourceTree = "<group>";
		};
		0A2D74CC2C874CC900E81312 /* Ressources */ = {
			isa = PBXGroup;
			children = (
				0A2D749F2C87496700E81312 /* Assets.xcassets */,
			);
			path = Ressources;
			sourceTree = "<group>";
		};
/* End PBXGroup section */

/* Begin PBXNativeTarget section */
		0A2D74972C87496500E81312 /* iDog */ = {
			isa = PBXNativeTarget;
			buildConfigurationList = 0A2D74BC2C87496700E81312 /* Build configuration list for PBXNativeTarget "iDog" */;
			buildPhases = (
				0A2D74942C87496500E81312 /* Sources */,
				0A2D74952C87496500E81312 /* Frameworks */,
				0A2D74962C87496500E81312 /* Resources */,
			);
			buildRules = (
			);
			dependencies = (
			);
			name = iDog;
			productName = iDog;
			productReference = 0A2D74982C87496500E81312 /* iDog.app */;
			productType = "com.apple.product-type.application";
		};
		0A2D74A72C87496700E81312 /* iDogTests */ = {
			isa = PBXNativeTarget;
			buildConfigurationList = 0A2D74BF2C87496700E81312 /* Build configuration list for PBXNativeTarget "iDogTests" */;
			buildPhases = (
				0A2D74A42C87496700E81312 /* Sources */,
				0A2D74A52C87496700E81312 /* Frameworks */,
				0A2D74A62C87496700E81312 /* Resources */,
			);
			buildRules = (
			);
			dependencies = (
				0A2D74AA2C87496700E81312 /* PBXTargetDependency */,
			);
			name = iDogTests;
			productName = iDogTests;
			productReference = 0A2D74A82C87496700E81312 /* iDogTests.xctest */;
			productType = "com.apple.product-type.bundle.unit-test";
		};
		0A2D74B12C87496700E81312 /* iDogUITests */ = {
			isa = PBXNativeTarget;
			buildConfigurationList = 0A2D74C22C87496700E81312 /* Build configuration list for PBXNativeTarget "iDogUITests" */;
			buildPhases = (
				0A2D74AE2C87496700E81312 /* Sources */,
				0A2D74AF2C87496700E81312 /* Frameworks */,
				0A2D74B02C87496700E81312 /* Resources */,
			);
			buildRules = (
			);
			dependencies = (
				0A2D74B42C87496700E81312 /* PBXTargetDependency */,
			);
			name = iDogUITests;
			productName = iDogUITests;
			productReference = 0A2D74B22C87496700E81312 /* iDogUITests.xctest */;
			productType = "com.apple.product-type.bundle.ui-testing";
		};
/* End PBXNativeTarget section */

/* Begin PBXProject section */
		0A2D74902C87496500E81312 /* Project object */ = {
			isa = PBXProject;
			attributes = {
				BuildIndependentTargetsInParallel = 1;
				LastSwiftUpdateCheck = 1540;
				LastUpgradeCheck = 1540;
				TargetAttributes = {
					0A2D74972C87496500E81312 = {
						CreatedOnToolsVersion = 15.4;
					};
					0A2D74A72C87496700E81312 = {
						CreatedOnToolsVersion = 15.4;
						TestTargetID = 0A2D74972C87496500E81312;
					};
					0A2D74B12C87496700E81312 = {
						CreatedOnToolsVersion = 15.4;
						TestTargetID = 0A2D74972C87496500E81312;
					};
				};
			};
			buildConfigurationList = 0A2D74932C87496500E81312 /* Build configuration list for PBXProject "iDog" */;
			compatibilityVersion = "Xcode 14.0";
			developmentRegion = en;
			hasScannedForEncodings = 0;
			knownRegions = (
				en,
				Base,
			);
			mainGroup = 0A2D748F2C87496500E81312;
			productRefGroup = 0A2D74992C87496500E81312 /* Products */;
			projectDirPath = "";
			projectRoot = "";
			targets = (
				0A2D74972C87496500E81312 /* iDog */,
				0A2D74A72C87496700E81312 /* iDogTests */,
				0A2D74B12C87496700E81312 /* iDogUITests */,
			);
		};
/* End PBXProject section */

/* Begin PBXResourcesBuildPhase section */
		0A2D74962C87496500E81312 /* Resources */ = {
			isa = PBXResourcesBuildPhase;
			buildActionMask = 2147483647;
			files = (
				0A2D74A32C87496700E81312 /* Preview Assets.xcassets in Resources */,
				0A2D74A02C87496700E81312 /* Assets.xcassets in Resources */,
			);
			runOnlyForDeploymentPostprocessing = 0;
		};
		0A2D74A62C87496700E81312 /* Resources */ = {
			isa = PBXResourcesBuildPhase;
			buildActionMask = 2147483647;
			files = (
			);
			runOnlyForDeploymentPostprocessing = 0;
		};
		0A2D74B02C87496700E81312 /* Resources */ = {
			isa = PBXResourcesBuildPhase;
			buildActionMask = 2147483647;
			files = (
			);
			runOnlyForDeploymentPostprocessing = 0;
		};
/* End PBXResourcesBuildPhase section */

/* Begin PBXSourcesBuildPhase section */
		0A2D74942C87496500E81312 /* Sources */ = {
			isa = PBXSourcesBuildPhase;
			buildActionMask = 2147483647;
			files = (
				0A2D74D02C874D6900E81312 /* AppCoordinator.swift in Sources */,
				0A2D749C2C87496500E81312 /* iDogApp.swift in Sources */,
				0A2D74CE2C874D2E00E81312 /* CoordinatorProtocol.swift in Sources */,
			);
			runOnlyForDeploymentPostprocessing = 0;
		};
		0A2D74A42C87496700E81312 /* Sources */ = {
			isa = PBXSourcesBuildPhase;
			buildActionMask = 2147483647;
			files = (
				0A2D74AD2C87496700E81312 /* iDogTests.swift in Sources */,
			);
			runOnlyForDeploymentPostprocessing = 0;
		};
		0A2D74AE2C87496700E81312 /* Sources */ = {
			isa = PBXSourcesBuildPhase;
			buildActionMask = 2147483647;
			files = (
				0A2D74B72C87496700E81312 /* iDogUITests.swift in Sources */,
				0A2D74B92C87496700E81312 /* iDogUITestsLaunchTests.swift in Sources */,
			);
			runOnlyForDeploymentPostprocessing = 0;
		};
/* End PBXSourcesBuildPhase section */

/* Begin PBXTargetDependency section */
		0A2D74AA2C87496700E81312 /* PBXTargetDependency */ = {
			isa = PBXTargetDependency;
			target = 0A2D74972C87496500E81312 /* iDog */;
			targetProxy = 0A2D74A92C87496700E81312 /* PBXContainerItemProxy */;
		};
		0A2D74B42C87496700E81312 /* PBXTargetDependency */ = {
			isa = PBXTargetDependency;
			target = 0A2D74972C87496500E81312 /* iDog */;
			targetProxy = 0A2D74B32C87496700E81312 /* PBXContainerItemProxy */;
		};
/* End PBXTargetDependency section */

/* Begin XCBuildConfiguration section */
		0A2D74BA2C87496700E81312 /* Debug */ = {
			isa = XCBuildConfiguration;
			buildSettings = {
				ALWAYS_SEARCH_USER_PATHS = NO;
				ASSETCATALOG_COMPILER_GENERATE_SWIFT_ASSET_SYMBOL_EXTENSIONS = YES;
				CLANG_ANALYZER_NONNULL = YES;
				CLANG_ANALYZER_NUMBER_OBJECT_CONVERSION = YES_AGGRESSIVE;
				CLANG_CXX_LANGUAGE_STANDARD = "gnu++20";
				CLANG_ENABLE_MODULES = YES;
				CLANG_ENABLE_OBJC_ARC = YES;
				CLANG_ENABLE_OBJC_WEAK = YES;
				CLANG_WARN_BLOCK_CAPTURE_AUTORELEASING = YES;
				CLANG_WARN_BOOL_CONVERSION = YES;
				CLANG_WARN_COMMA = YES;
				CLANG_WARN_CONSTANT_CONVERSION = YES;
				CLANG_WARN_DEPRECATED_OBJC_IMPLEMENTATIONS = YES;
				CLANG_WARN_DIRECT_OBJC_ISA_USAGE = YES_ERROR;
				CLANG_WARN_DOCUMENTATION_COMMENTS = YES;
				CLANG_WARN_EMPTY_BODY = YES;
				CLANG_WARN_ENUM_CONVERSION = YES;
				CLANG_WARN_INFINITE_RECURSION = YES;
				CLANG_WARN_INT_CONVERSION = YES;
				CLANG_WARN_NON_LITERAL_NULL_CONVERSION = YES;
				CLANG_WARN_OBJC_IMPLICIT_RETAIN_SELF = YES;
				CLANG_WARN_OBJC_LITERAL_CONVERSION = YES;
				CLANG_WARN_OBJC_ROOT_CLASS = YES_ERROR;
				CLANG_WARN_QUOTED_INCLUDE_IN_FRAMEWORK_HEADER = YES;
				CLANG_WARN_RANGE_LOOP_ANALYSIS = YES;
				CLANG_WARN_STRICT_PROTOTYPES = YES;
				CLANG_WARN_SUSPICIOUS_MOVE = YES;
				CLANG_WARN_UNGUARDED_AVAILABILITY = YES_AGGRESSIVE;
				CLANG_WARN_UNREACHABLE_CODE = YES;
				CLANG_WARN__DUPLICATE_METHOD_MATCH = YES;
				COPY_PHASE_STRIP = NO;
				DEBUG_INFORMATION_FORMAT = dwarf;
				ENABLE_STRICT_OBJC_MSGSEND = YES;
				ENABLE_TESTABILITY = YES;
				ENABLE_USER_SCRIPT_SANDBOXING = YES;
				GCC_C_LANGUAGE_STANDARD = gnu17;
				GCC_DYNAMIC_NO_PIC = NO;
				GCC_NO_COMMON_BLOCKS = YES;
				GCC_OPTIMIZATION_LEVEL = 0;
				GCC_PREPROCESSOR_DEFINITIONS = (
					"DEBUG=1",
					"$(inherited)",
				);
				GCC_WARN_64_TO_32_BIT_CONVERSION = YES;
				GCC_WARN_ABOUT_RETURN_TYPE = YES_ERROR;
				GCC_WARN_UNDECLARED_SELECTOR = YES;
				GCC_WARN_UNINITIALIZED_AUTOS = YES_AGGRESSIVE;
				GCC_WARN_UNUSED_FUNCTION = YES;
				GCC_WARN_UNUSED_VARIABLE = YES;
				IPHONEOS_DEPLOYMENT_TARGET = 17.5;
				LOCALIZATION_PREFERS_STRING_CATALOGS = YES;
				MTL_ENABLE_DEBUG_INFO = INCLUDE_SOURCE;
				MTL_FAST_MATH = YES;
				ONLY_ACTIVE_ARCH = YES;
				SDKROOT = iphoneos;
				SWIFT_ACTIVE_COMPILATION_CONDITIONS = "DEBUG $(inherited)";
				SWIFT_OPTIMIZATION_LEVEL = "-Onone";
			};
			name = Debug;
		};
		0A2D74BB2C87496700E81312 /* Release */ = {
			isa = XCBuildConfiguration;
			buildSettings = {
				ALWAYS_SEARCH_USER_PATHS = NO;
				ASSETCATALOG_COMPILER_GENERATE_SWIFT_ASSET_SYMBOL_EXTENSIONS = YES;
				CLANG_ANALYZER_NONNULL = YES;
				CLANG_ANALYZER_NUMBER_OBJECT_CONVERSION = YES_AGGRESSIVE;
				CLANG_CXX_LANGUAGE_STANDARD = "gnu++20";
				CLANG_ENABLE_MODULES = YES;
				CLANG_ENABLE_OBJC_ARC = YES;
				CLANG_ENABLE_OBJC_WEAK = YES;
				CLANG_WARN_BLOCK_CAPTURE_AUTORELEASING = YES;
				CLANG_WARN_BOOL_CONVERSION = YES;
				CLANG_WARN_COMMA = YES;
				CLANG_WARN_CONSTANT_CONVERSION = YES;
				CLANG_WARN_DEPRECATED_OBJC_IMPLEMENTATIONS = YES;
				CLANG_WARN_DIRECT_OBJC_ISA_USAGE = YES_ERROR;
				CLANG_WARN_DOCUMENTATION_COMMENTS = YES;
				CLANG_WARN_EMPTY_BODY = YES;
				CLANG_WARN_ENUM_CONVERSION = YES;
				CLANG_WARN_INFINITE_RECURSION = YES;
				CLANG_WARN_INT_CONVERSION = YES;
				CLANG_WARN_NON_LITERAL_NULL_CONVERSION = YES;
				CLANG_WARN_OBJC_IMPLICIT_RETAIN_SELF = YES;
				CLANG_WARN_OBJC_LITERAL_CONVERSION = YES;
				CLANG_WARN_OBJC_ROOT_CLASS = YES_ERROR;
				CLANG_WARN_QUOTED_INCLUDE_IN_FRAMEWORK_HEADER = YES;
				CLANG_WARN_RANGE_LOOP_ANALYSIS = YES;
				CLANG_WARN_STRICT_PROTOTYPES = YES;
				CLANG_WARN_SUSPICIOUS_MOVE = YES;
				CLANG_WARN_UNGUARDED_AVAILABILITY = YES_AGGRESSIVE;
				CLANG_WARN_UNREACHABLE_CODE = YES;
				CLANG_WARN__DUPLICATE_METHOD_MATCH = YES;
				COPY_PHASE_STRIP = NO;
				DEBUG_INFORMATION_FORMAT = "dwarf-with-dsym";
				ENABLE_NS_ASSERTIONS = NO;
				ENABLE_STRICT_OBJC_MSGSEND = YES;
				ENABLE_USER_SCRIPT_SANDBOXING = YES;
				GCC_C_LANGUAGE_STANDARD = gnu17;
				GCC_NO_COMMON_BLOCKS = YES;
				GCC_WARN_64_TO_32_BIT_CONVERSION = YES;
				GCC_WARN_ABOUT_RETURN_TYPE = YES_ERROR;
				GCC_WARN_UNDECLARED_SELECTOR = YES;
				GCC_WARN_UNINITIALIZED_AUTOS = YES_AGGRESSIVE;
				GCC_WARN_UNUSED_FUNCTION = YES;
				GCC_WARN_UNUSED_VARIABLE = YES;
				IPHONEOS_DEPLOYMENT_TARGET = 17.5;
				LOCALIZATION_PREFERS_STRING_CATALOGS = YES;
				MTL_ENABLE_DEBUG_INFO = NO;
				MTL_FAST_MATH = YES;
				SDKROOT = iphoneos;
				SWIFT_COMPILATION_MODE = wholemodule;
				VALIDATE_PRODUCT = YES;
			};
			name = Release;
		};
		0A2D74BD2C87496700E81312 /* Debug */ = {
			isa = XCBuildConfiguration;
			buildSettings = {
				ASSETCATALOG_COMPILER_APPICON_NAME = AppIcon;
				ASSETCATALOG_COMPILER_GLOBAL_ACCENT_COLOR_NAME = AccentColor;
				CODE_SIGN_STYLE = Manual;
				CURRENT_PROJECT_VERSION = 1;
				DEVELOPMENT_ASSET_PATHS = "\"iDog/Preview Content\"";
				DEVELOPMENT_TEAM = "";
				ENABLE_PREVIEWS = YES;
				GENERATE_INFOPLIST_FILE = YES;
				INFOPLIST_KEY_UIApplicationSceneManifest_Generation = YES;
				INFOPLIST_KEY_UIApplicationSupportsIndirectInputEvents = YES;
				INFOPLIST_KEY_UILaunchScreen_Generation = YES;
				INFOPLIST_KEY_UISupportedInterfaceOrientations = UIInterfaceOrientationPortrait;
				IPHONEOS_DEPLOYMENT_TARGET = 15.0;
				LD_RUNPATH_SEARCH_PATHS = (
					"$(inherited)",
					"@executable_path/Frameworks",
				);
				MARKETING_VERSION = 1.0;
				PRODUCT_BUNDLE_IDENTIFIER = kevinmalkic.iDog;
				PRODUCT_NAME = "$(TARGET_NAME)";
				PROVISIONING_PROFILE_SPECIFIER = "";
				SWIFT_EMIT_LOC_STRINGS = YES;
				SWIFT_VERSION = 5.0;
				TARGETED_DEVICE_FAMILY = "1,2";
			};
			name = Debug;
		};
		0A2D74BE2C87496700E81312 /* Release */ = {
			isa = XCBuildConfiguration;
			buildSettings = {
				ASSETCATALOG_COMPILER_APPICON_NAME = AppIcon;
				ASSETCATALOG_COMPILER_GLOBAL_ACCENT_COLOR_NAME = AccentColor;
				CODE_SIGN_STYLE = Manual;
				CURRENT_PROJECT_VERSION = 1;
				DEVELOPMENT_ASSET_PATHS = "\"iDog/Preview Content\"";
				DEVELOPMENT_TEAM = "";
				ENABLE_PREVIEWS = YES;
				GENERATE_INFOPLIST_FILE = YES;
				INFOPLIST_KEY_UIApplicationSceneManifest_Generation = YES;
				INFOPLIST_KEY_UIApplicationSupportsIndirectInputEvents = YES;
				INFOPLIST_KEY_UILaunchScreen_Generation = YES;
				INFOPLIST_KEY_UISupportedInterfaceOrientations = UIInterfaceOrientationPortrait;
				IPHONEOS_DEPLOYMENT_TARGET = 15.0;
				LD_RUNPATH_SEARCH_PATHS = (
					"$(inherited)",
					"@executable_path/Frameworks",
				);
				MARKETING_VERSION = 1.0;
				PRODUCT_BUNDLE_IDENTIFIER = kevinmalkic.iDog;
				PRODUCT_NAME = "$(TARGET_NAME)";
				PROVISIONING_PROFILE_SPECIFIER = "";
				SWIFT_EMIT_LOC_STRINGS = YES;
				SWIFT_VERSION = 5.0;
				TARGETED_DEVICE_FAMILY = "1,2";
			};
			name = Release;
		};
		0A2D74C02C87496700E81312 /* Debug */ = {
			isa = XCBuildConfiguration;
			buildSettings = {
				ALWAYS_EMBED_SWIFT_STANDARD_LIBRARIES = YES;
				BUNDLE_LOADER = "$(TEST_HOST)";
				CODE_SIGN_STYLE = Automatic;
				CURRENT_PROJECT_VERSION = 1;
				GENERATE_INFOPLIST_FILE = YES;
				IPHONEOS_DEPLOYMENT_TARGET = 17.5;
				MARKETING_VERSION = 1.0;
				PRODUCT_BUNDLE_IDENTIFIER = kevinmalkic.iDogTests;
				PRODUCT_NAME = "$(TARGET_NAME)";
				SWIFT_EMIT_LOC_STRINGS = NO;
				SWIFT_VERSION = 5.0;
				TARGETED_DEVICE_FAMILY = "1,2";
				TEST_HOST = "$(BUILT_PRODUCTS_DIR)/iDog.app/$(BUNDLE_EXECUTABLE_FOLDER_PATH)/iDog";
			};
			name = Debug;
		};
		0A2D74C12C87496700E81312 /* Release */ = {
			isa = XCBuildConfiguration;
			buildSettings = {
				ALWAYS_EMBED_SWIFT_STANDARD_LIBRARIES = YES;
				BUNDLE_LOADER = "$(TEST_HOST)";
				CODE_SIGN_STYLE = Automatic;
				CURRENT_PROJECT_VERSION = 1;
				GENERATE_INFOPLIST_FILE = YES;
				IPHONEOS_DEPLOYMENT_TARGET = 17.5;
				MARKETING_VERSION = 1.0;
				PRODUCT_BUNDLE_IDENTIFIER = kevinmalkic.iDogTests;
				PRODUCT_NAME = "$(TARGET_NAME)";
				SWIFT_EMIT_LOC_STRINGS = NO;
				SWIFT_VERSION = 5.0;
				TARGETED_DEVICE_FAMILY = "1,2";
				TEST_HOST = "$(BUILT_PRODUCTS_DIR)/iDog.app/$(BUNDLE_EXECUTABLE_FOLDER_PATH)/iDog";
			};
			name = Release;
		};
		0A2D74C32C87496700E81312 /* Debug */ = {
			isa = XCBuildConfiguration;
			buildSettings = {
				ALWAYS_EMBED_SWIFT_STANDARD_LIBRARIES = YES;
				CODE_SIGN_STYLE = Automatic;
				CURRENT_PROJECT_VERSION = 1;
				GENERATE_INFOPLIST_FILE = YES;
				MARKETING_VERSION = 1.0;
				PRODUCT_BUNDLE_IDENTIFIER = kevinmalkic.iDogUITests;
				PRODUCT_NAME = "$(TARGET_NAME)";
				SWIFT_EMIT_LOC_STRINGS = NO;
				SWIFT_VERSION = 5.0;
				TARGETED_DEVICE_FAMILY = "1,2";
				TEST_TARGET_NAME = iDog;
			};
			name = Debug;
		};
		0A2D74C42C87496700E81312 /* Release */ = {
			isa = XCBuildConfiguration;
			buildSettings = {
				ALWAYS_EMBED_SWIFT_STANDARD_LIBRARIES = YES;
				CODE_SIGN_STYLE = Automatic;
				CURRENT_PROJECT_VERSION = 1;
				GENERATE_INFOPLIST_FILE = YES;
				MARKETING_VERSION = 1.0;
				PRODUCT_BUNDLE_IDENTIFIER = kevinmalkic.iDogUITests;
				PRODUCT_NAME = "$(TARGET_NAME)";
				SWIFT_EMIT_LOC_STRINGS = NO;
				SWIFT_VERSION = 5.0;
				TARGETED_DEVICE_FAMILY = "1,2";
				TEST_TARGET_NAME = iDog;
			};
			name = Release;
		};
/* End XCBuildConfiguration section */

/* Begin XCConfigurationList section */
		0A2D74932C87496500E81312 /* Build configuration list for PBXProject "iDog" */ = {
			isa = XCConfigurationList;
			buildConfigurations = (
				0A2D74BA2C87496700E81312 /* Debug */,
				0A2D74BB2C87496700E81312 /* Release */,
			);
			defaultConfigurationIsVisible = 0;
			defaultConfigurationName = Release;
		};
		0A2D74BC2C87496700E81312 /* Build configuration list for PBXNativeTarget "iDog" */ = {
			isa = XCConfigurationList;
			buildConfigurations = (
				0A2D74BD2C87496700E81312 /* Debug */,
				0A2D74BE2C87496700E81312 /* Release */,
			);
			defaultConfigurationIsVisible = 0;
			defaultConfigurationName = Release;
		};
		0A2D74BF2C87496700E81312 /* Build configuration list for PBXNativeTarget "iDogTests" */ = {
			isa = XCConfigurationList;
			buildConfigurations = (
				0A2D74C02C87496700E81312 /* Debug */,
				0A2D74C12C87496700E81312 /* Release */,
			);
			defaultConfigurationIsVisible = 0;
			defaultConfigurationName = Release;
		};
		0A2D74C22C87496700E81312 /* Build configuration list for PBXNativeTarget "iDogUITests" */ = {
			isa = XCConfigurationList;
			buildConfigurations = (
				0A2D74C32C87496700E81312 /* Debug */,
				0A2D74C42C87496700E81312 /* Release */,
			);
			defaultConfigurationIsVisible = 0;
			defaultConfigurationName = Release;
		};
/* End XCConfigurationList section */
	};
	rootObject = 0A2D74902C87496500E81312 /* Project object */;
}
