// !$*UTF8*$!
{
	archiveVersion = 1;
	classes = {
	};
	objectVersion = 56;
	objects = {

/* Begin PBXBuildFile section */
		0A2D749C2C87496500E81312 /* AppDelegate.swift in Sources */ = {isa = PBXBuildFile; fileRef = 0A2D749B2C87496500E81312 /* AppDelegate.swift */; };
		0A2D74A02C87496700E81312 /* Assets.xcassets in Resources */ = {isa = PBXBuildFile; fileRef = 0A2D749F2C87496700E81312 /* Assets.xcassets */; };
		0A2D74A32C87496700E81312 /* Preview Assets.xcassets in Resources */ = {isa = PBXBuildFile; fileRef = 0A2D74A22C87496700E81312 /* Preview Assets.xcassets */; };
		0A2D74AD2C87496700E81312 /* BreedListProviderTests.swift in Sources */ = {isa = PBXBuildFile; fileRef = 0A2D74AC2C87496700E81312 /* BreedListProviderTests.swift */; };
		0A2D74CE2C874D2E00E81312 /* CoordinatorProtocol.swift in Sources */ = {isa = PBXBuildFile; fileRef = 0A2D74CD2C874D2E00E81312 /* CoordinatorProtocol.swift */; };
		0A2D74D02C874D6900E81312 /* AppCoordinator.swift in Sources */ = {isa = PBXBuildFile; fileRef = 0A2D74CF2C874D6900E81312 /* AppCoordinator.swift */; };
		0A2D74D22C874FD500E81312 /* BreedListProvider.swift in Sources */ = {isa = PBXBuildFile; fileRef = 0A2D74D12C874FD500E81312 /* BreedListProvider.swift */; };
		0A2D74D42C87503C00E81312 /* BreedListProvidable.swift in Sources */ = {isa = PBXBuildFile; fileRef = 0A2D74D32C87503C00E81312 /* BreedListProvidable.swift */; };
		0A2D74D62C87507900E81312 /* Breed.swift in Sources */ = {isa = PBXBuildFile; fileRef = 0A2D74D52C87507900E81312 /* Breed.swift */; };
		0A2D74D82C8764DA00E81312 /* BreedPresentationModel.swift in Sources */ = {isa = PBXBuildFile; fileRef = 0A2D74D72C8764DA00E81312 /* BreedPresentationModel.swift */; };
		0A2D74DA2C8780A500E81312 /* HTTPMethod.swift in Sources */ = {isa = PBXBuildFile; fileRef = 0A2D74D92C8780A500E81312 /* HTTPMethod.swift */; };
		0A2D74DC2C8780C000E81312 /* APIRequest.swift in Sources */ = {isa = PBXBuildFile; fileRef = 0A2D74DB2C8780C000E81312 /* APIRequest.swift */; };
		0A2D74DE2C8780F000E81312 /* ProviderConfiguration.swift in Sources */ = {isa = PBXBuildFile; fileRef = 0A2D74DD2C8780F000E81312 /* ProviderConfiguration.swift */; };
		0A2D74E02C87810900E81312 /* BreedProviderConfiguration.swift in Sources */ = {isa = PBXBuildFile; fileRef = 0A2D74DF2C87810900E81312 /* BreedProviderConfiguration.swift */; };
		0A2D74E32C87815200E81312 /* BreedListRequest.swift in Sources */ = {isa = PBXBuildFile; fileRef = 0A2D74E22C87815200E81312 /* BreedListRequest.swift */; };
		0A2D74E62C87855D00E81312 /* BreedListView.swift in Sources */ = {isa = PBXBuildFile; fileRef = 0A2D74E52C87855D00E81312 /* BreedListView.swift */; };
		0A2D74E82C878FB900E81312 /* BreedListCoordinator.swift in Sources */ = {isa = PBXBuildFile; fileRef = 0A2D74E72C878FB900E81312 /* BreedListCoordinator.swift */; };
		0A2D74EB2C87905D00E81312 /* BreedListPresenter.swift in Sources */ = {isa = PBXBuildFile; fileRef = 0A2D74EA2C87905D00E81312 /* BreedListPresenter.swift */; };
		0A2D74ED2C87906E00E81312 /* BreedListFactory.swift in Sources */ = {isa = PBXBuildFile; fileRef = 0A2D74EC2C87906E00E81312 /* BreedListFactory.swift */; };
		0A2D74EF2C87909400E81312 /* BreedListPresentationModel.swift in Sources */ = {isa = PBXBuildFile; fileRef = 0A2D74EE2C87909400E81312 /* BreedListPresentationModel.swift */; };
		0A2D74F12C87951700E81312 /* Shared.swift in Sources */ = {isa = PBXBuildFile; fileRef = 0A2D74F02C87951700E81312 /* Shared.swift */; };
		0A2D74F32C879C2B00E81312 /* BreedResponse.swift in Sources */ = {isa = PBXBuildFile; fileRef = 0A2D74F22C879C2B00E81312 /* BreedResponse.swift */; };
		0A2D74F62C879D0300E81312 /* BreedCell.swift in Sources */ = {isa = PBXBuildFile; fileRef = 0A2D74F52C879D0200E81312 /* BreedCell.swift */; };
		0A2D74F92C87AA4900E81312 /* AsyncDogView.swift in Sources */ = {isa = PBXBuildFile; fileRef = 0A2D74F82C87AA4900E81312 /* AsyncDogView.swift */; };
		0A2D75012C87BE8B00E81312 /* breeds_bad_url.json in Resources */ = {isa = PBXBuildFile; fileRef = 0A2D74FD2C87B7FD00E81312 /* breeds_bad_url.json */; };
		0A2D75022C87BE8B00E81312 /* breeds.json in Resources */ = {isa = PBXBuildFile; fileRef = 0A2D74FA2C87B10600E81312 /* breeds.json */; };
		0A2D75042C87C0A200E81312 /* breeds_corrupted.json in Resources */ = {isa = PBXBuildFile; fileRef = 0A2D75032C87C0A200E81312 /* breeds_corrupted.json */; };
		0A2D75062C87C0F800E81312 /* BreedListRequestMock.swift in Sources */ = {isa = PBXBuildFile; fileRef = 0A2D75052C87C0F800E81312 /* BreedListRequestMock.swift */; };
		0A2D75082C87C18200E81312 /* BreedViewModelTest.swift in Sources */ = {isa = PBXBuildFile; fileRef = 0A2D75072C87C18200E81312 /* BreedViewModelTest.swift */; };
		0A2D750C2C87C64300E81312 /* breeds_error.json in Resources */ = {isa = PBXBuildFile; fileRef = 0A2D750B2C87C64300E81312 /* breeds_error.json */; };
		0A2D750E2C88666700E81312 /* BreedGalleryCoordinator.swift in Sources */ = {isa = PBXBuildFile; fileRef = 0A2D750D2C88666700E81312 /* BreedGalleryCoordinator.swift */; };
		0A2D75102C88679900E81312 /* BreedGalleryProvidable.swift in Sources */ = {isa = PBXBuildFile; fileRef = 0A2D750F2C88679900E81312 /* BreedGalleryProvidable.swift */; };
		0A2D75122C8867AC00E81312 /* BreedGalleryProvider.swift in Sources */ = {isa = PBXBuildFile; fileRef = 0A2D75112C8867AC00E81312 /* BreedGalleryProvider.swift */; };
		0A2D75142C88680100E81312 /* DogResponse.swift in Sources */ = {isa = PBXBuildFile; fileRef = 0A2D75132C88680100E81312 /* DogResponse.swift */; };
		0A2D75162C88680A00E81312 /* Dog.swift in Sources */ = {isa = PBXBuildFile; fileRef = 0A2D75152C88680A00E81312 /* Dog.swift */; };
		0A2D75182C88684000E81312 /* Status.swift in Sources */ = {isa = PBXBuildFile; fileRef = 0A2D75172C88684000E81312 /* Status.swift */; };
		0A2D751A2C88691100E81312 /* BreedGalleryRequest.swift in Sources */ = {isa = PBXBuildFile; fileRef = 0A2D75192C88691100E81312 /* BreedGalleryRequest.swift */; };
		0A2D751C2C8869F700E81312 /* BreedGalleryRequestMock.swift in Sources */ = {isa = PBXBuildFile; fileRef = 0A2D751B2C8869F700E81312 /* BreedGalleryRequestMock.swift */; };
		0A2D751E2C886A2700E81312 /* BreedGalleryProviderTests.swift in Sources */ = {isa = PBXBuildFile; fileRef = 0A2D751D2C886A2700E81312 /* BreedGalleryProviderTests.swift */; };
		0A2D75232C886A9000E81312 /* breeds_gallery_corrupted.json in Resources */ = {isa = PBXBuildFile; fileRef = 0A2D751F2C886A9000E81312 /* breeds_gallery_corrupted.json */; };
		0A2D75242C886A9000E81312 /* breeds_gallery.json in Resources */ = {isa = PBXBuildFile; fileRef = 0A2D75202C886A9000E81312 /* breeds_gallery.json */; };
		0A2D75252C886A9000E81312 /* breeds_gallery_error.json in Resources */ = {isa = PBXBuildFile; fileRef = 0A2D75212C886A9000E81312 /* breeds_gallery_error.json */; };
		0A2D75262C886A9000E81312 /* breeds_gallery_bad_url.json in Resources */ = {isa = PBXBuildFile; fileRef = 0A2D75222C886A9000E81312 /* breeds_gallery_bad_url.json */; };
		0A2D75292C886B9800E81312 /* BreedGalleryPresenter.swift in Sources */ = {isa = PBXBuildFile; fileRef = 0A2D75282C886B9800E81312 /* BreedGalleryPresenter.swift */; };
		0A2D752B2C886BA500E81312 /* BreedGalleryFactory.swift in Sources */ = {isa = PBXBuildFile; fileRef = 0A2D752A2C886BA500E81312 /* BreedGalleryFactory.swift */; };
		0A2D752D2C886BAF00E81312 /* BreedGalleryView.swift in Sources */ = {isa = PBXBuildFile; fileRef = 0A2D752C2C886BAF00E81312 /* BreedGalleryView.swift */; };
		0A2D752F2C886BBB00E81312 /* BreedGalleryPresentationModel.swift in Sources */ = {isa = PBXBuildFile; fileRef = 0A2D752E2C886BBB00E81312 /* BreedGalleryPresentationModel.swift */; };
		0A2D75312C886BE300E81312 /* DogPresentationModel.swift in Sources */ = {isa = PBXBuildFile; fileRef = 0A2D75302C886BE300E81312 /* DogPresentationModel.swift */; };
		0A2D75362C88781F00E81312 /* Array + Extensions.swift in Sources */ = {isa = PBXBuildFile; fileRef = 0A2D75352C88781F00E81312 /* Array + Extensions.swift */; };
		0A2D75382C88811500E81312 /* UINavigationController + Extensions.swift in Sources */ = {isa = PBXBuildFile; fileRef = 0A2D75372C88811500E81312 /* UINavigationController + Extensions.swift */; };
		0A690F112C88D045006A3750 /* BreedAPIError.swift in Sources */ = {isa = PBXBuildFile; fileRef = 0A690F102C88D045006A3750 /* BreedAPIError.swift */; };
/* End PBXBuildFile section */

/* Begin PBXContainerItemProxy section */
		0A2D74A92C87496700E81312 /* PBXContainerItemProxy */ = {
			isa = PBXContainerItemProxy;
			containerPortal = 0A2D74902C87496500E81312 /* Project object */;
			proxyType = 1;
			remoteGlobalIDString = 0A2D74972C87496500E81312;
			remoteInfo = iDog;
		};
/* End PBXContainerItemProxy section */

/* Begin PBXFileReference section */
		0A2D74982C87496500E81312 /* iDog.app */ = {isa = PBXFileReference; explicitFileType = wrapper.application; includeInIndex = 0; path = iDog.app; sourceTree = BUILT_PRODUCTS_DIR; };
		0A2D749B2C87496500E81312 /* AppDelegate.swift */ = {isa = PBXFileReference; lastKnownFileType = sourcecode.swift; path = AppDelegate.swift; sourceTree = "<group>"; };
		0A2D749F2C87496700E81312 /* Assets.xcassets */ = {isa = PBXFileReference; lastKnownFileType = folder.assetcatalog; path = Assets.xcassets; sourceTree = "<group>"; };
		0A2D74A22C87496700E81312 /* Preview Assets.xcassets */ = {isa = PBXFileReference; lastKnownFileType = folder.assetcatalog; path = "Preview Assets.xcassets"; sourceTree = "<group>"; };
		0A2D74A82C87496700E81312 /* iDogTests.xctest */ = {isa = PBXFileReference; explicitFileType = wrapper.cfbundle; includeInIndex = 0; path = iDogTests.xctest; sourceTree = BUILT_PRODUCTS_DIR; };
		0A2D74AC2C87496700E81312 /* BreedListProviderTests.swift */ = {isa = PBXFileReference; lastKnownFileType = sourcecode.swift; path = BreedListProviderTests.swift; sourceTree = "<group>"; };
		0A2D74CD2C874D2E00E81312 /* CoordinatorProtocol.swift */ = {isa = PBXFileReference; lastKnownFileType = sourcecode.swift; path = CoordinatorProtocol.swift; sourceTree = "<group>"; };
		0A2D74CF2C874D6900E81312 /* AppCoordinator.swift */ = {isa = PBXFileReference; lastKnownFileType = sourcecode.swift; path = AppCoordinator.swift; sourceTree = "<group>"; };
		0A2D74D12C874FD500E81312 /* BreedListProvider.swift */ = {isa = PBXFileReference; lastKnownFileType = sourcecode.swift; path = BreedListProvider.swift; sourceTree = "<group>"; };
		0A2D74D32C87503C00E81312 /* BreedListProvidable.swift */ = {isa = PBXFileReference; lastKnownFileType = sourcecode.swift; path = BreedListProvidable.swift; sourceTree = "<group>"; };
		0A2D74D52C87507900E81312 /* Breed.swift */ = {isa = PBXFileReference; lastKnownFileType = sourcecode.swift; path = Breed.swift; sourceTree = "<group>"; };
		0A2D74D72C8764DA00E81312 /* BreedPresentationModel.swift */ = {isa = PBXFileReference; lastKnownFileType = sourcecode.swift; path = BreedPresentationModel.swift; sourceTree = "<group>"; };
		0A2D74D92C8780A500E81312 /* HTTPMethod.swift */ = {isa = PBXFileReference; lastKnownFileType = sourcecode.swift; path = HTTPMethod.swift; sourceTree = "<group>"; };
		0A2D74DB2C8780C000E81312 /* APIRequest.swift */ = {isa = PBXFileReference; lastKnownFileType = sourcecode.swift; path = APIRequest.swift; sourceTree = "<group>"; };
		0A2D74DD2C8780F000E81312 /* ProviderConfiguration.swift */ = {isa = PBXFileReference; lastKnownFileType = sourcecode.swift; path = ProviderConfiguration.swift; sourceTree = "<group>"; };
		0A2D74DF2C87810900E81312 /* BreedProviderConfiguration.swift */ = {isa = PBXFileReference; lastKnownFileType = sourcecode.swift; path = BreedProviderConfiguration.swift; sourceTree = "<group>"; };
		0A2D74E22C87815200E81312 /* BreedListRequest.swift */ = {isa = PBXFileReference; lastKnownFileType = sourcecode.swift; path = BreedListRequest.swift; sourceTree = "<group>"; };
		0A2D74E52C87855D00E81312 /* BreedListView.swift */ = {isa = PBXFileReference; lastKnownFileType = sourcecode.swift; path = BreedListView.swift; sourceTree = "<group>"; };
		0A2D74E72C878FB900E81312 /* BreedListCoordinator.swift */ = {isa = PBXFileReference; lastKnownFileType = sourcecode.swift; path = BreedListCoordinator.swift; sourceTree = "<group>"; };
		0A2D74EA2C87905D00E81312 /* BreedListPresenter.swift */ = {isa = PBXFileReference; lastKnownFileType = sourcecode.swift; path = BreedListPresenter.swift; sourceTree = "<group>"; };
		0A2D74EC2C87906E00E81312 /* BreedListFactory.swift */ = {isa = PBXFileReference; lastKnownFileType = sourcecode.swift; path = BreedListFactory.swift; sourceTree = "<group>"; };
		0A2D74EE2C87909400E81312 /* BreedListPresentationModel.swift */ = {isa = PBXFileReference; lastKnownFileType = sourcecode.swift; path = BreedListPresentationModel.swift; sourceTree = "<group>"; };
		0A2D74F02C87951700E81312 /* Shared.swift */ = {isa = PBXFileReference; lastKnownFileType = sourcecode.swift; path = Shared.swift; sourceTree = "<group>"; };
		0A2D74F22C879C2B00E81312 /* BreedResponse.swift */ = {isa = PBXFileReference; lastKnownFileType = sourcecode.swift; path = BreedResponse.swift; sourceTree = "<group>"; };
		0A2D74F52C879D0200E81312 /* BreedCell.swift */ = {isa = PBXFileReference; lastKnownFileType = sourcecode.swift; path = BreedCell.swift; sourceTree = "<group>"; };
		0A2D74F82C87AA4900E81312 /* AsyncDogView.swift */ = {isa = PBXFileReference; lastKnownFileType = sourcecode.swift; path = AsyncDogView.swift; sourceTree = "<group>"; };
		0A2D74FA2C87B10600E81312 /* breeds.json */ = {isa = PBXFileReference; lastKnownFileType = text.json; path = breeds.json; sourceTree = "<group>"; };
		0A2D74FD2C87B7FD00E81312 /* breeds_bad_url.json */ = {isa = PBXFileReference; fileEncoding = 4; lastKnownFileType = text.json; path = breeds_bad_url.json; sourceTree = "<group>"; };
		0A2D74FF2C87B9F900E81312 /* iDog.xctestplan */ = {isa = PBXFileReference; lastKnownFileType = text; path = iDog.xctestplan; sourceTree = "<group>"; };
		0A2D75032C87C0A200E81312 /* breeds_corrupted.json */ = {isa = PBXFileReference; fileEncoding = 4; lastKnownFileType = text.json; path = breeds_corrupted.json; sourceTree = "<group>"; };
		0A2D75052C87C0F800E81312 /* BreedListRequestMock.swift */ = {isa = PBXFileReference; lastKnownFileType = sourcecode.swift; path = BreedListRequestMock.swift; sourceTree = "<group>"; };
		0A2D75072C87C18200E81312 /* BreedViewModelTest.swift */ = {isa = PBXFileReference; lastKnownFileType = sourcecode.swift; path = BreedViewModelTest.swift; sourceTree = "<group>"; };
		0A2D750B2C87C64300E81312 /* breeds_error.json */ = {isa = PBXFileReference; fileEncoding = 4; lastKnownFileType = text.json; path = breeds_error.json; sourceTree = "<group>"; };
		0A2D750D2C88666700E81312 /* BreedGalleryCoordinator.swift */ = {isa = PBXFileReference; lastKnownFileType = sourcecode.swift; path = BreedGalleryCoordinator.swift; sourceTree = "<group>"; };
		0A2D750F2C88679900E81312 /* BreedGalleryProvidable.swift */ = {isa = PBXFileReference; lastKnownFileType = sourcecode.swift; path = BreedGalleryProvidable.swift; sourceTree = "<group>"; };
		0A2D75112C8867AC00E81312 /* BreedGalleryProvider.swift */ = {isa = PBXFileReference; lastKnownFileType = sourcecode.swift; path = BreedGalleryProvider.swift; sourceTree = "<group>"; };
		0A2D75132C88680100E81312 /* DogResponse.swift */ = {isa = PBXFileReference; lastKnownFileType = sourcecode.swift; path = DogResponse.swift; sourceTree = "<group>"; };
		0A2D75152C88680A00E81312 /* Dog.swift */ = {isa = PBXFileReference; lastKnownFileType = sourcecode.swift; path = Dog.swift; sourceTree = "<group>"; };
		0A2D75172C88684000E81312 /* Status.swift */ = {isa = PBXFileReference; lastKnownFileType = sourcecode.swift; path = Status.swift; sourceTree = "<group>"; };
		0A2D75192C88691100E81312 /* BreedGalleryRequest.swift */ = {isa = PBXFileReference; lastKnownFileType = sourcecode.swift; path = BreedGalleryRequest.swift; sourceTree = "<group>"; };
		0A2D751B2C8869F700E81312 /* BreedGalleryRequestMock.swift */ = {isa = PBXFileReference; lastKnownFileType = sourcecode.swift; path = BreedGalleryRequestMock.swift; sourceTree = "<group>"; };
		0A2D751D2C886A2700E81312 /* BreedGalleryProviderTests.swift */ = {isa = PBXFileReference; lastKnownFileType = sourcecode.swift; path = BreedGalleryProviderTests.swift; sourceTree = "<group>"; };
		0A2D751F2C886A9000E81312 /* breeds_gallery_corrupted.json */ = {isa = PBXFileReference; fileEncoding = 4; lastKnownFileType = text.json; path = breeds_gallery_corrupted.json; sourceTree = "<group>"; };
		0A2D75202C886A9000E81312 /* breeds_gallery.json */ = {isa = PBXFileReference; fileEncoding = 4; lastKnownFileType = text.json; path = breeds_gallery.json; sourceTree = "<group>"; };
		0A2D75212C886A9000E81312 /* breeds_gallery_error.json */ = {isa = PBXFileReference; fileEncoding = 4; lastKnownFileType = text.json; path = breeds_gallery_error.json; sourceTree = "<group>"; };
		0A2D75222C886A9000E81312 /* breeds_gallery_bad_url.json */ = {isa = PBXFileReference; fileEncoding = 4; lastKnownFileType = text.json; path = breeds_gallery_bad_url.json; sourceTree = "<group>"; };
		0A2D75282C886B9800E81312 /* BreedGalleryPresenter.swift */ = {isa = PBXFileReference; lastKnownFileType = sourcecode.swift; path = BreedGalleryPresenter.swift; sourceTree = "<group>"; };
		0A2D752A2C886BA500E81312 /* BreedGalleryFactory.swift */ = {isa = PBXFileReference; lastKnownFileType = sourcecode.swift; path = BreedGalleryFactory.swift; sourceTree = "<group>"; };
		0A2D752C2C886BAF00E81312 /* BreedGalleryView.swift */ = {isa = PBXFileReference; lastKnownFileType = sourcecode.swift; path = BreedGalleryView.swift; sourceTree = "<group>"; };
		0A2D752E2C886BBB00E81312 /* BreedGalleryPresentationModel.swift */ = {isa = PBXFileReference; lastKnownFileType = sourcecode.swift; path = BreedGalleryPresentationModel.swift; sourceTree = "<group>"; };
		0A2D75302C886BE300E81312 /* DogPresentationModel.swift */ = {isa = PBXFileReference; lastKnownFileType = sourcecode.swift; path = DogPresentationModel.swift; sourceTree = "<group>"; };
		0A2D75352C88781F00E81312 /* Array + Extensions.swift */ = {isa = PBXFileReference; lastKnownFileType = sourcecode.swift; path = "Array + Extensions.swift"; sourceTree = "<group>"; };
		0A2D75372C88811500E81312 /* UINavigationController + Extensions.swift */ = {isa = PBXFileReference; lastKnownFileType = sourcecode.swift; path = "UINavigationController + Extensions.swift"; sourceTree = "<group>"; };
		0A690F102C88D045006A3750 /* BreedAPIError.swift */ = {isa = PBXFileReference; lastKnownFileType = sourcecode.swift; path = BreedAPIError.swift; sourceTree = "<group>"; };
		0A690F122C88D9E1006A3750 /* README.md */ = {isa = PBXFileReference; lastKnownFileType = net.daringfireball.markdown; path = README.md; sourceTree = "<group>"; };
/* End PBXFileReference section */

/* Begin PBXFrameworksBuildPhase section */
		0A2D74952C87496500E81312 /* Frameworks */ = {
			isa = PBXFrameworksBuildPhase;
			buildActionMask = 2147483647;
			files = (
			);
			runOnlyForDeploymentPostprocessing = 0;
		};
		0A2D74A52C87496700E81312 /* Frameworks */ = {
			isa = PBXFrameworksBuildPhase;
			buildActionMask = 2147483647;
			files = (
			);
			runOnlyForDeploymentPostprocessing = 0;
		};
/* End PBXFrameworksBuildPhase section */

/* Begin PBXGroup section */
		0A2D748F2C87496500E81312 = {
			isa = PBXGroup;
			children = (
				0A2D74FF2C87B9F900E81312 /* iDog.xctestplan */,
				0A690F122C88D9E1006A3750 /* README.md */,
				0A2D749A2C87496500E81312 /* iDog */,
				0A2D74AB2C87496700E81312 /* iDogTests */,
				0A2D74992C87496500E81312 /* Products */,
			);
			sourceTree = "<group>";
		};
		0A2D74992C87496500E81312 /* Products */ = {
			isa = PBXGroup;
			children = (
				0A2D74982C87496500E81312 /* iDog.app */,
				0A2D74A82C87496700E81312 /* iDogTests.xctest */,
			);
			name = Products;
			sourceTree = "<group>";
		};
		0A2D749A2C87496500E81312 /* iDog */ = {
			isa = PBXGroup;
			children = (
				0A2D74C52C8749A100E81312 /* App */,
				0A2D74F42C879CEF00E81312 /* Components */,
				0A2D74CA2C874B9A00E81312 /* Coordinators */,
				0A2D74C62C874B5700E81312 /* Data */,
				0A2D74A12C87496700E81312 /* Preview Content */,
				0A2D74CC2C874CC900E81312 /* Ressources */,
				0A2D74C92C874B9300E81312 /* Services */,
				0A2D75342C88781400E81312 /* Utilities */,
				0A2D74CB2C874CA000E81312 /* Views */,
			);
			path = iDog;
			sourceTree = "<group>";
		};
		0A2D74A12C87496700E81312 /* Preview Content */ = {
			isa = PBXGroup;
			children = (
				0A2D74A22C87496700E81312 /* Preview Assets.xcassets */,
			);
			path = "Preview Content";
			sourceTree = "<group>";
		};
		0A2D74AB2C87496700E81312 /* iDogTests */ = {
			isa = PBXGroup;
			children = (
				0A2D750A2C87C42200E81312 /* Mock */,
				0A2D75092C87C40900E81312 /* Ressources */,
				0A2D74AC2C87496700E81312 /* BreedListProviderTests.swift */,
				0A2D751D2C886A2700E81312 /* BreedGalleryProviderTests.swift */,
				0A2D75072C87C18200E81312 /* BreedViewModelTest.swift */,
			);
			path = iDogTests;
			sourceTree = "<group>";
		};
		0A2D74C52C8749A100E81312 /* App */ = {
			isa = PBXGroup;
			children = (
				0A2D749B2C87496500E81312 /* AppDelegate.swift */,
			);
			path = App;
			sourceTree = "<group>";
		};
		0A2D74C62C874B5700E81312 /* Data */ = {
			isa = PBXGroup;
			children = (
				0A690F102C88D045006A3750 /* BreedAPIError.swift */,
				0A2D74D92C8780A500E81312 /* HTTPMethod.swift */,
				0A2D74F02C87951700E81312 /* Shared.swift */,
				0A2D75172C88684000E81312 /* Status.swift */,
				0A2D74C72C874B5F00E81312 /* DomainModels */,
				0A2D74C82C874B7400E81312 /* PresentationModels */,
			);
			path = Data;
			sourceTree = "<group>";
		};
		0A2D74C72C874B5F00E81312 /* DomainModels */ = {
			isa = PBXGroup;
			children = (
				0A2D74D52C87507900E81312 /* Breed.swift */,
				0A2D74F22C879C2B00E81312 /* BreedResponse.swift */,
				0A2D75152C88680A00E81312 /* Dog.swift */,
				0A2D75132C88680100E81312 /* DogResponse.swift */,
			);
			path = DomainModels;
			sourceTree = "<group>";
		};
		0A2D74C82C874B7400E81312 /* PresentationModels */ = {
			isa = PBXGroup;
			children = (
				0A2D74D72C8764DA00E81312 /* BreedPresentationModel.swift */,
				0A2D75302C886BE300E81312 /* DogPresentationModel.swift */,
			);
			path = PresentationModels;
			sourceTree = "<group>";
		};
		0A2D74C92C874B9300E81312 /* Services */ = {
			isa = PBXGroup;
			children = (
				0A2D74DF2C87810900E81312 /* BreedProviderConfiguration.swift */,
				0A2D74DD2C8780F000E81312 /* ProviderConfiguration.swift */,
				0A2D74E42C8781D600E81312 /* Providers */,
				0A2D74E12C87814200E81312 /* Requests */,
			);
			path = Services;
			sourceTree = "<group>";
		};
		0A2D74CA2C874B9A00E81312 /* Coordinators */ = {
			isa = PBXGroup;
			children = (
				0A2D74CF2C874D6900E81312 /* AppCoordinator.swift */,
				0A2D750D2C88666700E81312 /* BreedGalleryCoordinator.swift */,
				0A2D74E72C878FB900E81312 /* BreedListCoordinator.swift */,
				0A2D74CD2C874D2E00E81312 /* CoordinatorProtocol.swift */,
			);
			path = Coordinators;
			sourceTree = "<group>";
		};
		0A2D74CB2C874CA000E81312 /* Views */ = {
			isa = PBXGroup;
			children = (
				0A2D75272C886B7400E81312 /* BreedGallery */,
				0A2D74E92C87904800E81312 /* BreedList */,
			);
			path = Views;
			sourceTree = "<group>";
		};
		0A2D74CC2C874CC900E81312 /* Ressources */ = {
			isa = PBXGroup;
			children = (
				0A2D749F2C87496700E81312 /* Assets.xcassets */,
			);
			path = Ressources;
			sourceTree = "<group>";
		};
		0A2D74E12C87814200E81312 /* Requests */ = {
			isa = PBXGroup;
			children = (
				0A2D74DB2C8780C000E81312 /* APIRequest.swift */,
				0A2D75192C88691100E81312 /* BreedGalleryRequest.swift */,
				0A2D74E22C87815200E81312 /* BreedListRequest.swift */,
			);
			path = Requests;
			sourceTree = "<group>";
		};
		0A2D74E42C8781D600E81312 /* Providers */ = {
			isa = PBXGroup;
			children = (
				0A2D750F2C88679900E81312 /* BreedGalleryProvidable.swift */,
				0A2D75112C8867AC00E81312 /* BreedGalleryProvider.swift */,
				0A2D74D32C87503C00E81312 /* BreedListProvidable.swift */,
				0A2D74D12C874FD500E81312 /* BreedListProvider.swift */,
			);
			path = Providers;
			sourceTree = "<group>";
		};
		0A2D74E92C87904800E81312 /* BreedList */ = {
			isa = PBXGroup;
			children = (
				0A2D74F72C879D1A00E81312 /* Cells */,
				0A2D74EC2C87906E00E81312 /* BreedListFactory.swift */,
				0A2D74EE2C87909400E81312 /* BreedListPresentationModel.swift */,
				0A2D74EA2C87905D00E81312 /* BreedListPresenter.swift */,
				0A2D74E52C87855D00E81312 /* BreedListView.swift */,
			);
			path = BreedList;
			sourceTree = "<group>";
		};
		0A2D74F42C879CEF00E81312 /* Components */ = {
			isa = PBXGroup;
			children = (
				0A2D74F82C87AA4900E81312 /* AsyncDogView.swift */,
			);
			path = Components;
			sourceTree = "<group>";
		};
		0A2D74F72C879D1A00E81312 /* Cells */ = {
			isa = PBXGroup;
			children = (
				0A2D74F52C879D0200E81312 /* BreedCell.swift */,
			);
			path = Cells;
			sourceTree = "<group>";
		};
		0A2D75092C87C40900E81312 /* Ressources */ = {
			isa = PBXGroup;
			children = (
				0A2D74FD2C87B7FD00E81312 /* breeds_bad_url.json */,
				0A2D75032C87C0A200E81312 /* breeds_corrupted.json */,
				0A2D750B2C87C64300E81312 /* breeds_error.json */,
				0A2D74FA2C87B10600E81312 /* breeds.json */,
				0A2D75222C886A9000E81312 /* breeds_gallery_bad_url.json */,
				0A2D751F2C886A9000E81312 /* breeds_gallery_corrupted.json */,
				0A2D75212C886A9000E81312 /* breeds_gallery_error.json */,
				0A2D75202C886A9000E81312 /* breeds_gallery.json */,
			);
			path = Ressources;
			sourceTree = "<group>";
		};
		0A2D750A2C87C42200E81312 /* Mock */ = {
			isa = PBXGroup;
			children = (
				0A2D751B2C8869F700E81312 /* BreedGalleryRequestMock.swift */,
				0A2D75052C87C0F800E81312 /* BreedListRequestMock.swift */,
			);
			path = Mock;
			sourceTree = "<group>";
		};
		0A2D75272C886B7400E81312 /* BreedGallery */ = {
			isa = PBXGroup;
			children = (
				0A2D752A2C886BA500E81312 /* BreedGalleryFactory.swift */,
				0A2D752E2C886BBB00E81312 /* BreedGalleryPresentationModel.swift */,
				0A2D75282C886B9800E81312 /* BreedGalleryPresenter.swift */,
				0A2D752C2C886BAF00E81312 /* BreedGalleryView.swift */,
			);
			path = BreedGallery;
			sourceTree = "<group>";
		};
		0A2D75342C88781400E81312 /* Utilities */ = {
			isa = PBXGroup;
			children = (
				0A2D75352C88781F00E81312 /* Array + Extensions.swift */,
				0A2D75372C88811500E81312 /* UINavigationController + Extensions.swift */,
			);
			path = Utilities;
			sourceTree = "<group>";
		};
/* End PBXGroup section */

/* Begin PBXNativeTarget section */
		0A2D74972C87496500E81312 /* iDog */ = {
			isa = PBXNativeTarget;
			buildConfigurationList = 0A2D74BC2C87496700E81312 /* Build configuration list for PBXNativeTarget "iDog" */;
			buildPhases = (
				0A2D74942C87496500E81312 /* Sources */,
				0A2D74952C87496500E81312 /* Frameworks */,
				0A2D74962C87496500E81312 /* Resources */,
			);
			buildRules = (
			);
			dependencies = (
			);
			name = iDog;
			productName = iDog;
			productReference = 0A2D74982C87496500E81312 /* iDog.app */;
			productType = "com.apple.product-type.application";
		};
		0A2D74A72C87496700E81312 /* iDogTests */ = {
			isa = PBXNativeTarget;
			buildConfigurationList = 0A2D74BF2C87496700E81312 /* Build configuration list for PBXNativeTarget "iDogTests" */;
			buildPhases = (
				0A2D74A42C87496700E81312 /* Sources */,
				0A2D74A52C87496700E81312 /* Frameworks */,
				0A2D74A62C87496700E81312 /* Resources */,
			);
			buildRules = (
			);
			dependencies = (
				0A2D74AA2C87496700E81312 /* PBXTargetDependency */,
			);
			name = iDogTests;
			productName = iDogTests;
			productReference = 0A2D74A82C87496700E81312 /* iDogTests.xctest */;
			productType = "com.apple.product-type.bundle.unit-test";
		};
/* End PBXNativeTarget section */

/* Begin PBXProject section */
		0A2D74902C87496500E81312 /* Project object */ = {
			isa = PBXProject;
			attributes = {
				BuildIndependentTargetsInParallel = 1;
				LastSwiftUpdateCheck = 1540;
				LastUpgradeCheck = 1540;
				TargetAttributes = {
					0A2D74972C87496500E81312 = {
						CreatedOnToolsVersion = 15.4;
					};
					0A2D74A72C87496700E81312 = {
						CreatedOnToolsVersion = 15.4;
						TestTargetID = 0A2D74972C87496500E81312;
					};
				};
			};
			buildConfigurationList = 0A2D74932C87496500E81312 /* Build configuration list for PBXProject "iDog" */;
			compatibilityVersion = "Xcode 14.0";
			developmentRegion = en;
			hasScannedForEncodings = 0;
			knownRegions = (
				en,
				Base,
			);
			mainGroup = 0A2D748F2C87496500E81312;
			productRefGroup = 0A2D74992C87496500E81312 /* Products */;
			projectDirPath = "";
			projectRoot = "";
			targets = (
				0A2D74972C87496500E81312 /* iDog */,
				0A2D74A72C87496700E81312 /* iDogTests */,
			);
		};
/* End PBXProject section */

/* Begin PBXResourcesBuildPhase section */
		0A2D74962C87496500E81312 /* Resources */ = {
			isa = PBXResourcesBuildPhase;
			buildActionMask = 2147483647;
			files = (
				0A2D74A32C87496700E81312 /* Preview Assets.xcassets in Resources */,
				0A2D74A02C87496700E81312 /* Assets.xcassets in Resources */,
			);
			runOnlyForDeploymentPostprocessing = 0;
		};
		0A2D74A62C87496700E81312 /* Resources */ = {
			isa = PBXResourcesBuildPhase;
			buildActionMask = 2147483647;
			files = (
				0A2D75252C886A9000E81312 /* breeds_gallery_error.json in Resources */,
				0A2D75012C87BE8B00E81312 /* breeds_bad_url.json in Resources */,
				0A2D75042C87C0A200E81312 /* breeds_corrupted.json in Resources */,
				0A2D75022C87BE8B00E81312 /* breeds.json in Resources */,
				0A2D75242C886A9000E81312 /* breeds_gallery.json in Resources */,
				0A2D75232C886A9000E81312 /* breeds_gallery_corrupted.json in Resources */,
				0A2D750C2C87C64300E81312 /* breeds_error.json in Resources */,
				0A2D75262C886A9000E81312 /* breeds_gallery_bad_url.json in Resources */,
			);
			runOnlyForDeploymentPostprocessing = 0;
		};
/* End PBXResourcesBuildPhase section */

/* Begin PBXSourcesBuildPhase section */
		0A2D74942C87496500E81312 /* Sources */ = {
			isa = PBXSourcesBuildPhase;
			buildActionMask = 2147483647;
			files = (
				0A2D750E2C88666700E81312 /* BreedGalleryCoordinator.swift in Sources */,
				0A2D74E32C87815200E81312 /* BreedListRequest.swift in Sources */,
				0A2D75292C886B9800E81312 /* BreedGalleryPresenter.swift in Sources */,
				0A2D74D62C87507900E81312 /* Breed.swift in Sources */,
				0A2D74D42C87503C00E81312 /* BreedListProvidable.swift in Sources */,
				0A2D74D82C8764DA00E81312 /* BreedPresentationModel.swift in Sources */,
				0A2D74E02C87810900E81312 /* BreedProviderConfiguration.swift in Sources */,
				0A2D75142C88680100E81312 /* DogResponse.swift in Sources */,
				0A2D74D22C874FD500E81312 /* BreedListProvider.swift in Sources */,
				0A2D74F12C87951700E81312 /* Shared.swift in Sources */,
				0A2D75102C88679900E81312 /* BreedGalleryProvidable.swift in Sources */,
				0A2D74DE2C8780F000E81312 /* ProviderConfiguration.swift in Sources */,
				0A690F112C88D045006A3750 /* BreedAPIError.swift in Sources */,
				0A2D75312C886BE300E81312 /* DogPresentationModel.swift in Sources */,
				0A2D751A2C88691100E81312 /* BreedGalleryRequest.swift in Sources */,
				0A2D74F62C879D0300E81312 /* BreedCell.swift in Sources */,
				0A2D74EF2C87909400E81312 /* BreedListPresentationModel.swift in Sources */,
				0A2D74ED2C87906E00E81312 /* BreedListFactory.swift in Sources */,
				0A2D75182C88684000E81312 /* Status.swift in Sources */,
				0A2D752D2C886BAF00E81312 /* BreedGalleryView.swift in Sources */,
				0A2D74E62C87855D00E81312 /* BreedListView.swift in Sources */,
				0A2D74DA2C8780A500E81312 /* HTTPMethod.swift in Sources */,
				0A2D752F2C886BBB00E81312 /* BreedGalleryPresentationModel.swift in Sources */,
				0A2D74F32C879C2B00E81312 /* BreedResponse.swift in Sources */,
				0A2D752B2C886BA500E81312 /* BreedGalleryFactory.swift in Sources */,
				0A2D74E82C878FB900E81312 /* BreedListCoordinator.swift in Sources */,
				0A2D74D02C874D6900E81312 /* AppCoordinator.swift in Sources */,
				0A2D75122C8867AC00E81312 /* BreedGalleryProvider.swift in Sources */,
				0A2D75382C88811500E81312 /* UINavigationController + Extensions.swift in Sources */,
				0A2D749C2C87496500E81312 /* AppDelegate.swift in Sources */,
				0A2D74DC2C8780C000E81312 /* APIRequest.swift in Sources */,
				0A2D75362C88781F00E81312 /* Array + Extensions.swift in Sources */,
				0A2D74CE2C874D2E00E81312 /* CoordinatorProtocol.swift in Sources */,
				0A2D74EB2C87905D00E81312 /* BreedListPresenter.swift in Sources */,
				0A2D75162C88680A00E81312 /* Dog.swift in Sources */,
				0A2D74F92C87AA4900E81312 /* AsyncDogView.swift in Sources */,
			);
			runOnlyForDeploymentPostprocessing = 0;
		};
		0A2D74A42C87496700E81312 /* Sources */ = {
			isa = PBXSourcesBuildPhase;
			buildActionMask = 2147483647;
			files = (
				0A2D751E2C886A2700E81312 /* BreedGalleryProviderTests.swift in Sources */,
				0A2D74AD2C87496700E81312 /* BreedListProviderTests.swift in Sources */,
				0A2D751C2C8869F700E81312 /* BreedGalleryRequestMock.swift in Sources */,
				0A2D75062C87C0F800E81312 /* BreedListRequestMock.swift in Sources */,
				0A2D75082C87C18200E81312 /* BreedViewModelTest.swift in Sources */,
			);
			runOnlyForDeploymentPostprocessing = 0;
		};
/* End PBXSourcesBuildPhase section */

/* Begin PBXTargetDependency section */
		0A2D74AA2C87496700E81312 /* PBXTargetDependency */ = {
			isa = PBXTargetDependency;
			target = 0A2D74972C87496500E81312 /* iDog */;
			targetProxy = 0A2D74A92C87496700E81312 /* PBXContainerItemProxy */;
		};
/* End PBXTargetDependency section */

/* Begin XCBuildConfiguration section */
		0A2D74BA2C87496700E81312 /* Debug */ = {
			isa = XCBuildConfiguration;
			buildSettings = {
				ALWAYS_SEARCH_USER_PATHS = NO;
				ASSETCATALOG_COMPILER_GENERATE_SWIFT_ASSET_SYMBOL_EXTENSIONS = YES;
				CLANG_ANALYZER_NONNULL = YES;
				CLANG_ANALYZER_NUMBER_OBJECT_CONVERSION = YES_AGGRESSIVE;
				CLANG_CXX_LANGUAGE_STANDARD = "gnu++20";
				CLANG_ENABLE_MODULES = YES;
				CLANG_ENABLE_OBJC_ARC = YES;
				CLANG_ENABLE_OBJC_WEAK = YES;
				CLANG_WARN_BLOCK_CAPTURE_AUTORELEASING = YES;
				CLANG_WARN_BOOL_CONVERSION = YES;
				CLANG_WARN_COMMA = YES;
				CLANG_WARN_CONSTANT_CONVERSION = YES;
				CLANG_WARN_DEPRECATED_OBJC_IMPLEMENTATIONS = YES;
				CLANG_WARN_DIRECT_OBJC_ISA_USAGE = YES_ERROR;
				CLANG_WARN_DOCUMENTATION_COMMENTS = YES;
				CLANG_WARN_EMPTY_BODY = YES;
				CLANG_WARN_ENUM_CONVERSION = YES;
				CLANG_WARN_INFINITE_RECURSION = YES;
				CLANG_WARN_INT_CONVERSION = YES;
				CLANG_WARN_NON_LITERAL_NULL_CONVERSION = YES;
				CLANG_WARN_OBJC_IMPLICIT_RETAIN_SELF = YES;
				CLANG_WARN_OBJC_LITERAL_CONVERSION = YES;
				CLANG_WARN_OBJC_ROOT_CLASS = YES_ERROR;
				CLANG_WARN_QUOTED_INCLUDE_IN_FRAMEWORK_HEADER = YES;
				CLANG_WARN_RANGE_LOOP_ANALYSIS = YES;
				CLANG_WARN_STRICT_PROTOTYPES = YES;
				CLANG_WARN_SUSPICIOUS_MOVE = YES;
				CLANG_WARN_UNGUARDED_AVAILABILITY = YES_AGGRESSIVE;
				CLANG_WARN_UNREACHABLE_CODE = YES;
				CLANG_WARN__DUPLICATE_METHOD_MATCH = YES;
				COPY_PHASE_STRIP = NO;
				DEBUG_INFORMATION_FORMAT = dwarf;
				ENABLE_STRICT_OBJC_MSGSEND = YES;
				ENABLE_TESTABILITY = YES;
				ENABLE_USER_SCRIPT_SANDBOXING = YES;
				GCC_C_LANGUAGE_STANDARD = gnu17;
				GCC_DYNAMIC_NO_PIC = NO;
				GCC_NO_COMMON_BLOCKS = YES;
				GCC_OPTIMIZATION_LEVEL = 0;
				GCC_PREPROCESSOR_DEFINITIONS = (
					"DEBUG=1",
					"$(inherited)",
				);
				GCC_WARN_64_TO_32_BIT_CONVERSION = YES;
				GCC_WARN_ABOUT_RETURN_TYPE = YES_ERROR;
				GCC_WARN_UNDECLARED_SELECTOR = YES;
				GCC_WARN_UNINITIALIZED_AUTOS = YES_AGGRESSIVE;
				GCC_WARN_UNUSED_FUNCTION = YES;
				GCC_WARN_UNUSED_VARIABLE = YES;
				IPHONEOS_DEPLOYMENT_TARGET = 17.5;
				LOCALIZATION_PREFERS_STRING_CATALOGS = YES;
				MTL_ENABLE_DEBUG_INFO = INCLUDE_SOURCE;
				MTL_FAST_MATH = YES;
				ONLY_ACTIVE_ARCH = YES;
				SDKROOT = iphoneos;
				SWIFT_ACTIVE_COMPILATION_CONDITIONS = "DEBUG $(inherited)";
				SWIFT_OPTIMIZATION_LEVEL = "-Onone";
			};
			name = Debug;
		};
		0A2D74BB2C87496700E81312 /* Release */ = {
			isa = XCBuildConfiguration;
			buildSettings = {
				ALWAYS_SEARCH_USER_PATHS = NO;
				ASSETCATALOG_COMPILER_GENERATE_SWIFT_ASSET_SYMBOL_EXTENSIONS = YES;
				CLANG_ANALYZER_NONNULL = YES;
				CLANG_ANALYZER_NUMBER_OBJECT_CONVERSION = YES_AGGRESSIVE;
				CLANG_CXX_LANGUAGE_STANDARD = "gnu++20";
				CLANG_ENABLE_MODULES = YES;
				CLANG_ENABLE_OBJC_ARC = YES;
				CLANG_ENABLE_OBJC_WEAK = YES;
				CLANG_WARN_BLOCK_CAPTURE_AUTORELEASING = YES;
				CLANG_WARN_BOOL_CONVERSION = YES;
				CLANG_WARN_COMMA = YES;
				CLANG_WARN_CONSTANT_CONVERSION = YES;
				CLANG_WARN_DEPRECATED_OBJC_IMPLEMENTATIONS = YES;
				CLANG_WARN_DIRECT_OBJC_ISA_USAGE = YES_ERROR;
				CLANG_WARN_DOCUMENTATION_COMMENTS = YES;
				CLANG_WARN_EMPTY_BODY = YES;
				CLANG_WARN_ENUM_CONVERSION = YES;
				CLANG_WARN_INFINITE_RECURSION = YES;
				CLANG_WARN_INT_CONVERSION = YES;
				CLANG_WARN_NON_LITERAL_NULL_CONVERSION = YES;
				CLANG_WARN_OBJC_IMPLICIT_RETAIN_SELF = YES;
				CLANG_WARN_OBJC_LITERAL_CONVERSION = YES;
				CLANG_WARN_OBJC_ROOT_CLASS = YES_ERROR;
				CLANG_WARN_QUOTED_INCLUDE_IN_FRAMEWORK_HEADER = YES;
				CLANG_WARN_RANGE_LOOP_ANALYSIS = YES;
				CLANG_WARN_STRICT_PROTOTYPES = YES;
				CLANG_WARN_SUSPICIOUS_MOVE = YES;
				CLANG_WARN_UNGUARDED_AVAILABILITY = YES_AGGRESSIVE;
				CLANG_WARN_UNREACHABLE_CODE = YES;
				CLANG_WARN__DUPLICATE_METHOD_MATCH = YES;
				COPY_PHASE_STRIP = NO;
				DEBUG_INFORMATION_FORMAT = "dwarf-with-dsym";
				ENABLE_NS_ASSERTIONS = NO;
				ENABLE_STRICT_OBJC_MSGSEND = YES;
				ENABLE_USER_SCRIPT_SANDBOXING = YES;
				GCC_C_LANGUAGE_STANDARD = gnu17;
				GCC_NO_COMMON_BLOCKS = YES;
				GCC_WARN_64_TO_32_BIT_CONVERSION = YES;
				GCC_WARN_ABOUT_RETURN_TYPE = YES_ERROR;
				GCC_WARN_UNDECLARED_SELECTOR = YES;
				GCC_WARN_UNINITIALIZED_AUTOS = YES_AGGRESSIVE;
				GCC_WARN_UNUSED_FUNCTION = YES;
				GCC_WARN_UNUSED_VARIABLE = YES;
				IPHONEOS_DEPLOYMENT_TARGET = 17.5;
				LOCALIZATION_PREFERS_STRING_CATALOGS = YES;
				MTL_ENABLE_DEBUG_INFO = NO;
				MTL_FAST_MATH = YES;
				SDKROOT = iphoneos;
				SWIFT_COMPILATION_MODE = wholemodule;
				VALIDATE_PRODUCT = YES;
			};
			name = Release;
		};
		0A2D74BD2C87496700E81312 /* Debug */ = {
			isa = XCBuildConfiguration;
			buildSettings = {
				ASSETCATALOG_COMPILER_APPICON_NAME = AppIcon;
				ASSETCATALOG_COMPILER_GLOBAL_ACCENT_COLOR_NAME = AccentColor;
				CODE_SIGN_STYLE = Manual;
				CURRENT_PROJECT_VERSION = 1;
				DEVELOPMENT_ASSET_PATHS = "\"iDog/Preview Content\"";
				DEVELOPMENT_TEAM = "";
				ENABLE_PREVIEWS = YES;
				GENERATE_INFOPLIST_FILE = YES;
				INFOPLIST_KEY_UIApplicationSceneManifest_Generation = NO;
				INFOPLIST_KEY_UIApplicationSupportsIndirectInputEvents = YES;
				INFOPLIST_KEY_UILaunchScreen_Generation = YES;
				INFOPLIST_KEY_UISupportedInterfaceOrientations = UIInterfaceOrientationPortrait;
				IPHONEOS_DEPLOYMENT_TARGET = 16.0;
				LD_RUNPATH_SEARCH_PATHS = (
					"$(inherited)",
					"@executable_path/Frameworks",
				);
				MARKETING_VERSION = 1.0;
				PRODUCT_BUNDLE_IDENTIFIER = kevinmalkic.iDog;
				PRODUCT_NAME = "$(TARGET_NAME)";
				PROVISIONING_PROFILE_SPECIFIER = "";
				SWIFT_EMIT_LOC_STRINGS = YES;
				SWIFT_VERSION = 5.0;
				TARGETED_DEVICE_FAMILY = "1,2";
			};
			name = Debug;
		};
		0A2D74BE2C87496700E81312 /* Release */ = {
			isa = XCBuildConfiguration;
			buildSettings = {
				ASSETCATALOG_COMPILER_APPICON_NAME = AppIcon;
				ASSETCATALOG_COMPILER_GLOBAL_ACCENT_COLOR_NAME = AccentColor;
				CODE_SIGN_STYLE = Manual;
				CURRENT_PROJECT_VERSION = 1;
				DEVELOPMENT_ASSET_PATHS = "\"iDog/Preview Content\"";
				DEVELOPMENT_TEAM = "";
				ENABLE_PREVIEWS = YES;
				GENERATE_INFOPLIST_FILE = YES;
				INFOPLIST_KEY_UIApplicationSceneManifest_Generation = NO;
				INFOPLIST_KEY_UIApplicationSupportsIndirectInputEvents = YES;
				INFOPLIST_KEY_UILaunchScreen_Generation = YES;
				INFOPLIST_KEY_UISupportedInterfaceOrientations = UIInterfaceOrientationPortrait;
				IPHONEOS_DEPLOYMENT_TARGET = 16.0;
				LD_RUNPATH_SEARCH_PATHS = (
					"$(inherited)",
					"@executable_path/Frameworks",
				);
				MARKETING_VERSION = 1.0;
				PRODUCT_BUNDLE_IDENTIFIER = kevinmalkic.iDog;
				PRODUCT_NAME = "$(TARGET_NAME)";
				PROVISIONING_PROFILE_SPECIFIER = "";
				SWIFT_EMIT_LOC_STRINGS = YES;
				SWIFT_VERSION = 5.0;
				TARGETED_DEVICE_FAMILY = "1,2";
			};
			name = Release;
		};
		0A2D74C02C87496700E81312 /* Debug */ = {
			isa = XCBuildConfiguration;
			buildSettings = {
				ALWAYS_EMBED_SWIFT_STANDARD_LIBRARIES = YES;
				BUNDLE_LOADER = "$(TEST_HOST)";
				CODE_SIGN_STYLE = Automatic;
				CURRENT_PROJECT_VERSION = 1;
				GENERATE_INFOPLIST_FILE = YES;
				IPHONEOS_DEPLOYMENT_TARGET = 17.5;
				MARKETING_VERSION = 1.0;
				PRODUCT_BUNDLE_IDENTIFIER = kevinmalkic.iDogTests;
				PRODUCT_NAME = "$(TARGET_NAME)";
				SWIFT_EMIT_LOC_STRINGS = NO;
				SWIFT_VERSION = 5.0;
				TARGETED_DEVICE_FAMILY = "1,2";
				TEST_HOST = "$(BUILT_PRODUCTS_DIR)/iDog.app/$(BUNDLE_EXECUTABLE_FOLDER_PATH)/iDog";
			};
			name = Debug;
		};
		0A2D74C12C87496700E81312 /* Release */ = {
			isa = XCBuildConfiguration;
			buildSettings = {
				ALWAYS_EMBED_SWIFT_STANDARD_LIBRARIES = YES;
				BUNDLE_LOADER = "$(TEST_HOST)";
				CODE_SIGN_STYLE = Automatic;
				CURRENT_PROJECT_VERSION = 1;
				GENERATE_INFOPLIST_FILE = YES;
				IPHONEOS_DEPLOYMENT_TARGET = 17.5;
				MARKETING_VERSION = 1.0;
				PRODUCT_BUNDLE_IDENTIFIER = kevinmalkic.iDogTests;
				PRODUCT_NAME = "$(TARGET_NAME)";
				SWIFT_EMIT_LOC_STRINGS = NO;
				SWIFT_VERSION = 5.0;
				TARGETED_DEVICE_FAMILY = "1,2";
				TEST_HOST = "$(BUILT_PRODUCTS_DIR)/iDog.app/$(BUNDLE_EXECUTABLE_FOLDER_PATH)/iDog";
			};
			name = Release;
		};
/* End XCBuildConfiguration section */

/* Begin XCConfigurationList section */
		0A2D74932C87496500E81312 /* Build configuration list for PBXProject "iDog" */ = {
			isa = XCConfigurationList;
			buildConfigurations = (
				0A2D74BA2C87496700E81312 /* Debug */,
				0A2D74BB2C87496700E81312 /* Release */,
			);
			defaultConfigurationIsVisible = 0;
			defaultConfigurationName = Release;
		};
		0A2D74BC2C87496700E81312 /* Build configuration list for PBXNativeTarget "iDog" */ = {
			isa = XCConfigurationList;
			buildConfigurations = (
				0A2D74BD2C87496700E81312 /* Debug */,
				0A2D74BE2C87496700E81312 /* Release */,
			);
			defaultConfigurationIsVisible = 0;
			defaultConfigurationName = Release;
		};
		0A2D74BF2C87496700E81312 /* Build configuration list for PBXNativeTarget "iDogTests" */ = {
			isa = XCConfigurationList;
			buildConfigurations = (
				0A2D74C02C87496700E81312 /* Debug */,
				0A2D74C12C87496700E81312 /* Release */,
			);
			defaultConfigurationIsVisible = 0;
			defaultConfigurationName = Release;
		};
/* End XCConfigurationList section */
	};
	rootObject = 0A2D74902C87496500E81312 /* Project object */;
}
